
Microsoft Visual Studio Solution File, Format Version 11.00
# Visual Studio 2010
Project("{FAE04EC0-301F-11D3-BF4B-00C04F79EFBC}") = "ParrelSync", "ParrelSync.csproj", "{1cf24c26-1798-73ed-0b78-1be130333519}"
EndProject
Project("{FAE04EC0-301F-11D3-BF4B-00C04F79EFBC}") = "Assembly-CSharp", "Assembly-CSharp.csproj", "{4767521f-6e5f-47d8-037c-f86e43dd21a5}"
EndProject
Project("{FAE04EC0-301F-11D3-BF4B-00C04F79EFBC}") = "Bootstrap", "Bootstrap.csproj", "{09f358e7-0a28-a152-6d8a-7e29df0f339c}"
EndProject
Global
	GlobalSection(SolutionConfigurationPlatforms) = preSolution
		Debug|Any CPU = Debug|Any CPU
	EndGlobalSection
	GlobalSection(ProjectConfigurationPlatforms) = postSolution
		{1cf24c26-1798-73ed-0b78-1be130333519}.Debug|Any CPU.ActiveCfg = Debug|Any CPU
		{1cf24c26-1798-73ed-0b78-1be130333519}.Debug|Any CPU.Build.0 = Debug|Any CPU
		{4767521f-6e5f-47d8-037c-f86e43dd21a5}.Debug|Any CPU.ActiveCfg = Debug|Any CPU
		{4767521f-6e5f-47d8-037c-f86e43dd21a5}.Debug|Any CPU.Build.0 = Debug|Any CPU
		{09f358e7-0a28-a152-6d8a-7e29df0f339c}.Debug|Any CPU.ActiveCfg = Debug|Any CPU
		{09f358e7-0a28-a152-6d8a-7e29df0f339c}.Debug|Any CPU.Build.0 = Debug|Any CPU
	EndGlobalSection
	GlobalSection(SolutionProperties) = preSolution
		HideSolutionNode = FALSE
	EndGlobalSection
EndGlobal
